
Microsoft Visual Studio Solution File, Format Version 12.00
# Visual Studio Version 17
VisualStudioVersion = 17.13.35913.81
MinimumVisualStudioVersion = 10.0.40219.1
Project("{FAE04EC0-301F-11D3-BF4B-00C04F79EFBC}") = "pilasycolas", "pilasycolas\pilasycolas.csproj", "{4DFC45E7-2A8B-452B-B814-128CE5CAB329}"
EndProject
Project("{FAE04EC0-301F-11D3-BF4B-00C04F79EFBC}") = "PruebasPilasYColas", "PruebasPilasYColas\PruebasPilasYColas.csproj", "{EBD6C6A6-BEDA-1AFA-D072-6D605A28559C}"
EndProject
Global
	GlobalSection(SolutionConfigurationPlatforms) = preSolution
		Debug|Any CPU = Debug|Any CPU
		Release|Any CPU = Release|Any CPU
	EndGlobalSection
	GlobalSection(ProjectConfigurationPlatforms) = postSolution
		{4DFC45E7-2A8B-452B-B814-128CE5CAB329}.Debug|Any CPU.ActiveCfg = Debug|Any CPU
		{4DFC45E7-2A8B-452B-B814-128CE5CAB329}.Debug|Any CPU.Build.0 = Debug|Any CPU
		{4DFC45E7-2A8B-452B-B814-128CE5CAB329}.Release|Any CPU.ActiveCfg = Release|Any CPU
		{4DFC45E7-2A8B-452B-B814-128CE5CAB329}.Release|Any CPU.Build.0 = Release|Any CPU
		{EBD6C6A6-BEDA-1AFA-D072-6D605A28559C}.Debug|Any CPU.ActiveCfg = Debug|Any CPU
		{EBD6C6A6-BEDA-1AFA-D072-6D605A28559C}.Debug|Any CPU.Build.0 = Debug|Any CPU
		{EBD6C6A6-BEDA-1AFA-D072-6D605A28559C}.Release|Any CPU.ActiveCfg = Release|Any CPU
		{EBD6C6A6-BEDA-1AFA-D072-6D605A28559C}.Release|Any CPU.Build.0 = Release|Any CPU
	EndGlobalSection
	GlobalSection(SolutionProperties) = preSolution
		HideSolutionNode = FALSE
	EndGlobalSection
	GlobalSection(ExtensibilityGlobals) = postSolution
		SolutionGuid = {6CE6F6FF-A5E5-46DD-A9BF-6D844DE8AF27}
	EndGlobalSection
EndGlobal
